
Microsoft Visual Studio Solution File, Format Version 12.00
# Visual Studio Version 17
VisualStudioVersion = 17.10.35004.147
MinimumVisualStudioVersion = 10.0.40219.1
Project("{FAE04EC0-301F-11D3-BF4B-00C04F79EFBC}") = "EmpireBuilder.Client", "EmpireBuilder.Client\EmpireBuilder.Client.csproj", "{091700A7-820A-4CF6-9C1E-0E19E9E3E7AE}"
EndProject
Project("{FAE04EC0-301F-11D3-BF4B-00C04F79EFBC}") = "EmpireBuilder.Shared", "EmpireBuilder.Shared\EmpireBuilder.Shared.csproj", "{0B89DDBE-C5A5-4517-96BB-D4A82B9A8D92}"
EndProject
Global
	GlobalSection(SolutionConfigurationPlatforms) = preSolution
		Debug|Any CPU = Debug|Any CPU
		Release|Any CPU = Release|Any CPU
	EndGlobalSection
	GlobalSection(ProjectConfigurationPlatforms) = postSolution
		{091700A7-820A-4CF6-9C1E-0E19E9E3E7AE}.Debug|Any CPU.ActiveCfg = Debug|Any CPU
		{091700A7-820A-4CF6-9C1E-0E19E9E3E7AE}.Debug|Any CPU.Build.0 = Debug|Any CPU
		{091700A7-820A-4CF6-9C1E-0E19E9E3E7AE}.Debug|Any CPU.Deploy.0 = Debug|Any CPU
		{091700A7-820A-4CF6-9C1E-0E19E9E3E7AE}.Release|Any CPU.ActiveCfg = Release|Any CPU
		{091700A7-820A-4CF6-9C1E-0E19E9E3E7AE}.Release|Any CPU.Build.0 = Release|Any CPU
		{091700A7-820A-4CF6-9C1E-0E19E9E3E7AE}.Release|Any CPU.Deploy.0 = Release|Any CPU
		{0B89DDBE-C5A5-4517-96BB-D4A82B9A8D92}.Debug|Any CPU.ActiveCfg = Debug|Any CPU
		{0B89DDBE-C5A5-4517-96BB-D4A82B9A8D92}.Debug|Any CPU.Build.0 = Debug|Any CPU
		{0B89DDBE-C5A5-4517-96BB-D4A82B9A8D92}.Release|Any CPU.ActiveCfg = Release|Any CPU
		{0B89DDBE-C5A5-4517-96BB-D4A82B9A8D92}.Release|Any CPU.Build.0 = Release|Any CPU
	EndGlobalSection
	GlobalSection(SolutionProperties) = preSolution
		HideSolutionNode = FALSE
	EndGlobalSection
	GlobalSection(ExtensibilityGlobals) = postSolution
		SolutionGuid = {A5877BEA-1647-46AF-A0C2-C1966F9C25B3}
	EndGlobalSection
EndGlobal
